Microsoft Visual Studio Solution File, Format Version 12.00
# Visual Studio Version 17
VisualStudioVersion = 17.4.33213.308
MinimumVisualStudioVersion = 10.0.40219.1
Project("{9A19103F-16F7-4668-BE54-9A1E7A4F7556}") = "JwtAuthenticationApi", "JwtAuthenticationApi\JwtAuthenticationApi.csproj", "{1C6EEF71-D66B-416F-A402-D94C5F0F11D8}"
EndProject
Project("{9A19103F-16F7-4668-BE54-9A1E7A4F7556}") = "JwtAuthenticationApi.UnitTests", "JwtAuthenticationApi.UnitTests\JwtAuthenticationApi.UnitTests.csproj", "{D7377D72-C271-4928-8102-4F7C2C49CA2D}"
EndProject
Project("{9A19103F-16F7-4668-BE54-9A1E7A4F7556}") = "JwtAuthenticationApi.Infrastructure", "JwtAuthenticationApi.Infrastructure\JwtAuthenticationApi.Infrastructure.csproj", "{69E991F4-51A4-4DA1-AAD6-A8D50D7FF873}"
EndProject
Project("{2150E333-8FDC-42A3-9474-1A3956D46DE8}") = "UnitTests", "UnitTests", "{2A735D45-97A8-46FE-A12D-83FCE55A77C8}"
EndProject
Project("{2150E333-8FDC-42A3-9474-1A3956D46DE8}") = "SourceCode", "SourceCode", "{4E806FA8-E219-42BC-8191-1C237DCA977F}"
EndProject
Project("{9A19103F-16F7-4668-BE54-9A1E7A4F7556}") = "JwtAuthenticationApi.Services", "JwtAuthenticationApi.Services\JwtAuthenticationApi.Services.csproj", "{2DECB90A-2121-4589-ABC9-D097D51F0E5F}"
EndProject
Project("{FAE04EC0-301F-11D3-BF4B-00C04F79EFBC}") = "JwtAuthenticationApi.Controllers", "JwtAuthenticationApi.Controllers\JwtAuthenticationApi.Controllers.csproj", "{E829EEA0-358F-4A49-B311-614AEBF88116}"
EndProject
Project("{FAE04EC0-301F-11D3-BF4B-00C04F79EFBC}") = "JwtAuthenticationApi.Security", "JwtAuthenticationApi.Security\JwtAuthenticationApi.Security.csproj", "{59379F0B-8C84-436B-BB2D-BB600ED44EC4}"
EndProject
Project("{FAE04EC0-301F-11D3-BF4B-00C04F79EFBC}") = "JwtAuthenticationApi.Common", "JwtAuthenticationApi.Common\JwtAuthenticationApi.Common.csproj", "{8D7E0BF8-E7C0-4C52-B72D-E593AEC4AD52}"
EndProject
Global
	GlobalSection(SolutionConfigurationPlatforms) = preSolution
		Debug|Any CPU = Debug|Any CPU
		Release|Any CPU = Release|Any CPU
	EndGlobalSection
	GlobalSection(ProjectConfigurationPlatforms) = postSolution
		{1C6EEF71-D66B-416F-A402-D94C5F0F11D8}.Debug|Any CPU.ActiveCfg = Debug|Any CPU
		{1C6EEF71-D66B-416F-A402-D94C5F0F11D8}.Debug|Any CPU.Build.0 = Debug|Any CPU
		{1C6EEF71-D66B-416F-A402-D94C5F0F11D8}.Release|Any CPU.ActiveCfg = Release|Any CPU
		{1C6EEF71-D66B-416F-A402-D94C5F0F11D8}.Release|Any CPU.Build.0 = Release|Any CPU
		{D7377D72-C271-4928-8102-4F7C2C49CA2D}.Debug|Any CPU.ActiveCfg = Debug|Any CPU
		{D7377D72-C271-4928-8102-4F7C2C49CA2D}.Debug|Any CPU.Build.0 = Debug|Any CPU
		{D7377D72-C271-4928-8102-4F7C2C49CA2D}.Release|Any CPU.ActiveCfg = Release|Any CPU
		{D7377D72-C271-4928-8102-4F7C2C49CA2D}.Release|Any CPU.Build.0 = Release|Any CPU
		{69E991F4-51A4-4DA1-AAD6-A8D50D7FF873}.Debug|Any CPU.ActiveCfg = Debug|Any CPU
		{69E991F4-51A4-4DA1-AAD6-A8D50D7FF873}.Debug|Any CPU.Build.0 = Debug|Any CPU
		{69E991F4-51A4-4DA1-AAD6-A8D50D7FF873}.Release|Any CPU.ActiveCfg = Release|Any CPU
		{69E991F4-51A4-4DA1-AAD6-A8D50D7FF873}.Release|Any CPU.Build.0 = Release|Any CPU
		{2DECB90A-2121-4589-ABC9-D097D51F0E5F}.Debug|Any CPU.ActiveCfg = Debug|Any CPU
		{2DECB90A-2121-4589-ABC9-D097D51F0E5F}.Debug|Any CPU.Build.0 = Debug|Any CPU
		{2DECB90A-2121-4589-ABC9-D097D51F0E5F}.Release|Any CPU.ActiveCfg = Release|Any CPU
		{2DECB90A-2121-4589-ABC9-D097D51F0E5F}.Release|Any CPU.Build.0 = Release|Any CPU
		{E829EEA0-358F-4A49-B311-614AEBF88116}.Debug|Any CPU.ActiveCfg = Debug|Any CPU
		{E829EEA0-358F-4A49-B311-614AEBF88116}.Debug|Any CPU.Build.0 = Debug|Any CPU
		{E829EEA0-358F-4A49-B311-614AEBF88116}.Release|Any CPU.ActiveCfg = Release|Any CPU
		{E829EEA0-358F-4A49-B311-614AEBF88116}.Release|Any CPU.Build.0 = Release|Any CPU
		{59379F0B-8C84-436B-BB2D-BB600ED44EC4}.Debug|Any CPU.ActiveCfg = Debug|Any CPU
		{59379F0B-8C84-436B-BB2D-BB600ED44EC4}.Debug|Any CPU.Build.0 = Debug|Any CPU
		{59379F0B-8C84-436B-BB2D-BB600ED44EC4}.Release|Any CPU.ActiveCfg = Release|Any CPU
		{59379F0B-8C84-436B-BB2D-BB600ED44EC4}.Release|Any CPU.Build.0 = Release|Any CPU
		{8D7E0BF8-E7C0-4C52-B72D-E593AEC4AD52}.Debug|Any CPU.ActiveCfg = Debug|Any CPU
		{8D7E0BF8-E7C0-4C52-B72D-E593AEC4AD52}.Debug|Any CPU.Build.0 = Debug|Any CPU
		{8D7E0BF8-E7C0-4C52-B72D-E593AEC4AD52}.Release|Any CPU.ActiveCfg = Release|Any CPU
		{8D7E0BF8-E7C0-4C52-B72D-E593AEC4AD52}.Release|Any CPU.Build.0 = Release|Any CPU
	EndGlobalSection
	GlobalSection(SolutionProperties) = preSolution
		HideSolutionNode = FALSE
	EndGlobalSection
	GlobalSection(NestedProjects) = preSolution
		{1C6EEF71-D66B-416F-A402-D94C5F0F11D8} = {4E806FA8-E219-42BC-8191-1C237DCA977F}
		{D7377D72-C271-4928-8102-4F7C2C49CA2D} = {2A735D45-97A8-46FE-A12D-83FCE55A77C8}
		{69E991F4-51A4-4DA1-AAD6-A8D50D7FF873} = {4E806FA8-E219-42BC-8191-1C237DCA977F}
		{2DECB90A-2121-4589-ABC9-D097D51F0E5F} = {4E806FA8-E219-42BC-8191-1C237DCA977F}
		{E829EEA0-358F-4A49-B311-614AEBF88116} = {4E806FA8-E219-42BC-8191-1C237DCA977F}
		{59379F0B-8C84-436B-BB2D-BB600ED44EC4} = {4E806FA8-E219-42BC-8191-1C237DCA977F}
		{8D7E0BF8-E7C0-4C52-B72D-E593AEC4AD52} = {4E806FA8-E219-42BC-8191-1C237DCA977F}
	EndGlobalSection
	GlobalSection(ExtensibilityGlobals) = postSolution
		SolutionGuid = {4FBE2AA5-1DC0-47F0-9864-6D4DF9C2EFDD}
	EndGlobalSection
EndGlobal
